
Microsoft Visual Studio Solution File, Format Version 12.00
# Visual Studio Version 17
Project("{2150E333-8FDC-42A3-9474-1A3956D46DE8}") = "CMake", "CMake", "{DC40B5A5-DF16-38F7-9F58-24D267A34C57}"
EndProject
Project("{2150E333-8FDC-42A3-9474-1A3956D46DE8}") = "SFML", "SFML", "{9096B108-79D7-368E-8FF6-CC91B43EC301}"
EndProject
Project("{8BC9CEB8-8B4A-11D0-8D11-00A0C91BC942}") = "ALL_BUILD", "ALL_BUILD.vcxproj", "{7209E4E4-EBC9-3CD0-B315-62A772BDC4C3}"
	ProjectSection(ProjectDependencies) = postProject
		{B47D0A98-0004-374D-9198-1A05180B2294} = {B47D0A98-0004-374D-9198-1A05180B2294}
		{8543338E-204A-3D4B-83A1-9434E69E71D2} = {8543338E-204A-3D4B-83A1-9434E69E71D2}
		{7C2F62A1-612B-3483-882D-485820900414} = {7C2F62A1-612B-3483-882D-485820900414}
		{C6C12E44-95DB-3F2A-BA48-848BCDE504EA} = {C6C12E44-95DB-3F2A-BA48-848BCDE504EA}
		{EF4156E2-9527-3905-BF0D-9B97D13ABA93} = {EF4156E2-9527-3905-BF0D-9B97D13ABA93}
		{2CE65FA4-6A59-3244-9099-CB1BEC549EE3} = {2CE65FA4-6A59-3244-9099-CB1BEC549EE3}
		{7B95B283-93DA-3E5B-8245-E084B575FC6B} = {7B95B283-93DA-3E5B-8245-E084B575FC6B}
	EndProjectSection
EndProject
Project("{8BC9CEB8-8B4A-11D0-8D11-00A0C91BC942}") = "INSTALL", "INSTALL.vcxproj", "{BED0C645-029F-301B-98CA-D49AA570B581}"
	ProjectSection(ProjectDependencies) = postProject
		{7209E4E4-EBC9-3CD0-B315-62A772BDC4C3} = {7209E4E4-EBC9-3CD0-B315-62A772BDC4C3}
		{B47D0A98-0004-374D-9198-1A05180B2294} = {B47D0A98-0004-374D-9198-1A05180B2294}
	EndProjectSection
EndProject
Project("{8BC9CEB8-8B4A-11D0-8D11-00A0C91BC942}") = "ZERO_CHECK", "..\\ZERO_CHECK.vcxproj", "{B47D0A98-0004-374D-9198-1A05180B2294}"
	ProjectSection(ProjectDependencies) = postProject
	EndProjectSection
EndProject
Project("{8BC9CEB8-8B4A-11D0-8D11-00A0C91BC942}") = "sfml-audio", "src\SFML\Audio\sfml-audio.vcxproj", "{8543338E-204A-3D4B-83A1-9434E69E71D2}"
	ProjectSection(ProjectDependencies) = postProject
		{B47D0A98-0004-374D-9198-1A05180B2294} = {B47D0A98-0004-374D-9198-1A05180B2294}
		{2CE65FA4-6A59-3244-9099-CB1BEC549EE3} = {2CE65FA4-6A59-3244-9099-CB1BEC549EE3}
	EndProjectSection
EndProject
Project("{8BC9CEB8-8B4A-11D0-8D11-00A0C91BC942}") = "sfml-graphics", "src\SFML\Graphics\sfml-graphics.vcxproj", "{7C2F62A1-612B-3483-882D-485820900414}"
	ProjectSection(ProjectDependencies) = postProject
		{B47D0A98-0004-374D-9198-1A05180B2294} = {B47D0A98-0004-374D-9198-1A05180B2294}
		{2CE65FA4-6A59-3244-9099-CB1BEC549EE3} = {2CE65FA4-6A59-3244-9099-CB1BEC549EE3}
		{7B95B283-93DA-3E5B-8245-E084B575FC6B} = {7B95B283-93DA-3E5B-8245-E084B575FC6B}
	EndProjectSection
EndProject
Project("{8BC9CEB8-8B4A-11D0-8D11-00A0C91BC942}") = "sfml-main", "src\SFML\Main\sfml-main.vcxproj", "{C6C12E44-95DB-3F2A-BA48-848BCDE504EA}"
	ProjectSection(ProjectDependencies) = postProject
		{B47D0A98-0004-374D-9198-1A05180B2294} = {B47D0A98-0004-374D-9198-1A05180B2294}
	EndProjectSection
EndProject
Project("{8BC9CEB8-8B4A-11D0-8D11-00A0C91BC942}") = "sfml-network", "src\SFML\Network\sfml-network.vcxproj", "{EF4156E2-9527-3905-BF0D-9B97D13ABA93}"
	ProjectSection(ProjectDependencies) = postProject
		{B47D0A98-0004-374D-9198-1A05180B2294} = {B47D0A98-0004-374D-9198-1A05180B2294}
		{2CE65FA4-6A59-3244-9099-CB1BEC549EE3} = {2CE65FA4-6A59-3244-9099-CB1BEC549EE3}
	EndProjectSection
EndProject
Project("{8BC9CEB8-8B4A-11D0-8D11-00A0C91BC942}") = "sfml-system", "src\SFML\System\sfml-system.vcxproj", "{2CE65FA4-6A59-3244-9099-CB1BEC549EE3}"
	ProjectSection(ProjectDependencies) = postProject
		{B47D0A98-0004-374D-9198-1A05180B2294} = {B47D0A98-0004-374D-9198-1A05180B2294}
	EndProjectSection
EndProject
Project("{8BC9CEB8-8B4A-11D0-8D11-00A0C91BC942}") = "sfml-window", "src\SFML\Window\sfml-window.vcxproj", "{7B95B283-93DA-3E5B-8245-E084B575FC6B}"
	ProjectSection(ProjectDependencies) = postProject
		{B47D0A98-0004-374D-9198-1A05180B2294} = {B47D0A98-0004-374D-9198-1A05180B2294}
		{2CE65FA4-6A59-3244-9099-CB1BEC549EE3} = {2CE65FA4-6A59-3244-9099-CB1BEC549EE3}
	EndProjectSection
EndProject
Global
	GlobalSection(SolutionConfigurationPlatforms) = preSolution
		Debug|x64 = Debug|x64
		Release|x64 = Release|x64
		MinSizeRel|x64 = MinSizeRel|x64
		RelWithDebInfo|x64 = RelWithDebInfo|x64
	EndGlobalSection
	GlobalSection(ProjectConfigurationPlatforms) = postSolution
		{7209E4E4-EBC9-3CD0-B315-62A772BDC4C3}.Debug|x64.ActiveCfg = Debug|x64
		{7209E4E4-EBC9-3CD0-B315-62A772BDC4C3}.Debug|x64.Build.0 = Debug|x64
		{7209E4E4-EBC9-3CD0-B315-62A772BDC4C3}.Release|x64.ActiveCfg = Release|x64
		{7209E4E4-EBC9-3CD0-B315-62A772BDC4C3}.Release|x64.Build.0 = Release|x64
		{7209E4E4-EBC9-3CD0-B315-62A772BDC4C3}.MinSizeRel|x64.ActiveCfg = MinSizeRel|x64
		{7209E4E4-EBC9-3CD0-B315-62A772BDC4C3}.MinSizeRel|x64.Build.0 = MinSizeRel|x64
		{7209E4E4-EBC9-3CD0-B315-62A772BDC4C3}.RelWithDebInfo|x64.ActiveCfg = RelWithDebInfo|x64
		{7209E4E4-EBC9-3CD0-B315-62A772BDC4C3}.RelWithDebInfo|x64.Build.0 = RelWithDebInfo|x64
		{BED0C645-029F-301B-98CA-D49AA570B581}.Debug|x64.ActiveCfg = Debug|x64
		{BED0C645-029F-301B-98CA-D49AA570B581}.Release|x64.ActiveCfg = Release|x64
		{BED0C645-029F-301B-98CA-D49AA570B581}.MinSizeRel|x64.ActiveCfg = MinSizeRel|x64
		{BED0C645-029F-301B-98CA-D49AA570B581}.RelWithDebInfo|x64.ActiveCfg = RelWithDebInfo|x64
		{B47D0A98-0004-374D-9198-1A05180B2294}.Debug|x64.ActiveCfg = Debug|x64
		{B47D0A98-0004-374D-9198-1A05180B2294}.Debug|x64.Build.0 = Debug|x64
		{B47D0A98-0004-374D-9198-1A05180B2294}.Release|x64.ActiveCfg = Release|x64
		{B47D0A98-0004-374D-9198-1A05180B2294}.Release|x64.Build.0 = Release|x64
		{B47D0A98-0004-374D-9198-1A05180B2294}.MinSizeRel|x64.ActiveCfg = MinSizeRel|x64
		{B47D0A98-0004-374D-9198-1A05180B2294}.MinSizeRel|x64.Build.0 = MinSizeRel|x64
		{B47D0A98-0004-374D-9198-1A05180B2294}.RelWithDebInfo|x64.ActiveCfg = RelWithDebInfo|x64
		{B47D0A98-0004-374D-9198-1A05180B2294}.RelWithDebInfo|x64.Build.0 = RelWithDebInfo|x64
		{8543338E-204A-3D4B-83A1-9434E69E71D2}.Debug|x64.ActiveCfg = Debug|x64
		{8543338E-204A-3D4B-83A1-9434E69E71D2}.Debug|x64.Build.0 = Debug|x64
		{8543338E-204A-3D4B-83A1-9434E69E71D2}.Release|x64.ActiveCfg = Release|x64
		{8543338E-204A-3D4B-83A1-9434E69E71D2}.Release|x64.Build.0 = Release|x64
		{8543338E-204A-3D4B-83A1-9434E69E71D2}.MinSizeRel|x64.ActiveCfg = MinSizeRel|x64
		{8543338E-204A-3D4B-83A1-9434E69E71D2}.MinSizeRel|x64.Build.0 = MinSizeRel|x64
		{8543338E-204A-3D4B-83A1-9434E69E71D2}.RelWithDebInfo|x64.ActiveCfg = RelWithDebInfo|x64
		{8543338E-204A-3D4B-83A1-9434E69E71D2}.RelWithDebInfo|x64.Build.0 = RelWithDebInfo|x64
		{7C2F62A1-612B-3483-882D-485820900414}.Debug|x64.ActiveCfg = Debug|x64
		{7C2F62A1-612B-3483-882D-485820900414}.Debug|x64.Build.0 = Debug|x64
		{7C2F62A1-612B-3483-882D-485820900414}.Release|x64.ActiveCfg = Release|x64
		{7C2F62A1-612B-3483-882D-485820900414}.Release|x64.Build.0 = Release|x64
		{7C2F62A1-612B-3483-882D-485820900414}.MinSizeRel|x64.ActiveCfg = MinSizeRel|x64
		{7C2F62A1-612B-3483-882D-485820900414}.MinSizeRel|x64.Build.0 = MinSizeRel|x64
		{7C2F62A1-612B-3483-882D-485820900414}.RelWithDebInfo|x64.ActiveCfg = RelWithDebInfo|x64
		{7C2F62A1-612B-3483-882D-485820900414}.RelWithDebInfo|x64.Build.0 = RelWithDebInfo|x64
		{C6C12E44-95DB-3F2A-BA48-848BCDE504EA}.Debug|x64.ActiveCfg = Debug|x64
		{C6C12E44-95DB-3F2A-BA48-848BCDE504EA}.Debug|x64.Build.0 = Debug|x64
		{C6C12E44-95DB-3F2A-BA48-848BCDE504EA}.Release|x64.ActiveCfg = Release|x64
		{C6C12E44-95DB-3F2A-BA48-848BCDE504EA}.Release|x64.Build.0 = Release|x64
		{C6C12E44-95DB-3F2A-BA48-848BCDE504EA}.MinSizeRel|x64.ActiveCfg = MinSizeRel|x64
		{C6C12E44-95DB-3F2A-BA48-848BCDE504EA}.MinSizeRel|x64.Build.0 = MinSizeRel|x64
		{C6C12E44-95DB-3F2A-BA48-848BCDE504EA}.RelWithDebInfo|x64.ActiveCfg = RelWithDebInfo|x64
		{C6C12E44-95DB-3F2A-BA48-848BCDE504EA}.RelWithDebInfo|x64.Build.0 = RelWithDebInfo|x64
		{EF4156E2-9527-3905-BF0D-9B97D13ABA93}.Debug|x64.ActiveCfg = Debug|x64
		{EF4156E2-9527-3905-BF0D-9B97D13ABA93}.Debug|x64.Build.0 = Debug|x64
		{EF4156E2-9527-3905-BF0D-9B97D13ABA93}.Release|x64.ActiveCfg = Release|x64
		{EF4156E2-9527-3905-BF0D-9B97D13ABA93}.Release|x64.Build.0 = Release|x64
		{EF4156E2-9527-3905-BF0D-9B97D13ABA93}.MinSizeRel|x64.ActiveCfg = MinSizeRel|x64
		{EF4156E2-9527-3905-BF0D-9B97D13ABA93}.MinSizeRel|x64.Build.0 = MinSizeRel|x64
		{EF4156E2-9527-3905-BF0D-9B97D13ABA93}.RelWithDebInfo|x64.ActiveCfg = RelWithDebInfo|x64
		{EF4156E2-9527-3905-BF0D-9B97D13ABA93}.RelWithDebInfo|x64.Build.0 = RelWithDebInfo|x64
		{2CE65FA4-6A59-3244-9099-CB1BEC549EE3}.Debug|x64.ActiveCfg = Debug|x64
		{2CE65FA4-6A59-3244-9099-CB1BEC549EE3}.Debug|x64.Build.0 = Debug|x64
		{2CE65FA4-6A59-3244-9099-CB1BEC549EE3}.Release|x64.ActiveCfg = Release|x64
		{2CE65FA4-6A59-3244-9099-CB1BEC549EE3}.Release|x64.Build.0 = Release|x64
		{2CE65FA4-6A59-3244-9099-CB1BEC549EE3}.MinSizeRel|x64.ActiveCfg = MinSizeRel|x64
		{2CE65FA4-6A59-3244-9099-CB1BEC549EE3}.MinSizeRel|x64.Build.0 = MinSizeRel|x64
		{2CE65FA4-6A59-3244-9099-CB1BEC549EE3}.RelWithDebInfo|x64.ActiveCfg = RelWithDebInfo|x64
		{2CE65FA4-6A59-3244-9099-CB1BEC549EE3}.RelWithDebInfo|x64.Build.0 = RelWithDebInfo|x64
		{7B95B283-93DA-3E5B-8245-E084B575FC6B}.Debug|x64.ActiveCfg = Debug|x64
		{7B95B283-93DA-3E5B-8245-E084B575FC6B}.Debug|x64.Build.0 = Debug|x64
		{7B95B283-93DA-3E5B-8245-E084B575FC6B}.Release|x64.ActiveCfg = Release|x64
		{7B95B283-93DA-3E5B-8245-E084B575FC6B}.Release|x64.Build.0 = Release|x64
		{7B95B283-93DA-3E5B-8245-E084B575FC6B}.MinSizeRel|x64.ActiveCfg = MinSizeRel|x64
		{7B95B283-93DA-3E5B-8245-E084B575FC6B}.MinSizeRel|x64.Build.0 = MinSizeRel|x64
		{7B95B283-93DA-3E5B-8245-E084B575FC6B}.RelWithDebInfo|x64.ActiveCfg = RelWithDebInfo|x64
		{7B95B283-93DA-3E5B-8245-E084B575FC6B}.RelWithDebInfo|x64.Build.0 = RelWithDebInfo|x64
	EndGlobalSection
	GlobalSection(NestedProjects) = preSolution
		{7209E4E4-EBC9-3CD0-B315-62A772BDC4C3} = {DC40B5A5-DF16-38F7-9F58-24D267A34C57}
		{BED0C645-029F-301B-98CA-D49AA570B581} = {DC40B5A5-DF16-38F7-9F58-24D267A34C57}
		{B47D0A98-0004-374D-9198-1A05180B2294} = {DC40B5A5-DF16-38F7-9F58-24D267A34C57}
		{8543338E-204A-3D4B-83A1-9434E69E71D2} = {9096B108-79D7-368E-8FF6-CC91B43EC301}
		{7C2F62A1-612B-3483-882D-485820900414} = {9096B108-79D7-368E-8FF6-CC91B43EC301}
		{C6C12E44-95DB-3F2A-BA48-848BCDE504EA} = {9096B108-79D7-368E-8FF6-CC91B43EC301}
		{EF4156E2-9527-3905-BF0D-9B97D13ABA93} = {9096B108-79D7-368E-8FF6-CC91B43EC301}
		{2CE65FA4-6A59-3244-9099-CB1BEC549EE3} = {9096B108-79D7-368E-8FF6-CC91B43EC301}
		{7B95B283-93DA-3E5B-8245-E084B575FC6B} = {9096B108-79D7-368E-8FF6-CC91B43EC301}
	EndGlobalSection
	GlobalSection(ExtensibilityGlobals) = postSolution
		SolutionGuid = {3CDA36FB-17BC-3B20-BB1D-B17A70B96003}
	EndGlobalSection
	GlobalSection(ExtensibilityAddIns) = postSolution
	EndGlobalSection
EndGlobal
